
Microsoft Visual Studio Solution File, Format Version 12.00
# Visual Studio Version 17
VisualStudioVersion = 17.14.37411.7 d17.14
MinimumVisualStudioVersion = 10.0.40219.1
Project("{FAE04EC0-301F-11D3-BF4B-00C04F79EFBC}") = "Tests-Problem1", "Tests-Problem1.csproj", "{A42C58D2-5C3A-40C4-8670-866A6E37400E}"
EndProject
Global
	GlobalSection(SolutionConfigurationPlatforms) = preSolution
		Debug|Any CPU = Debug|Any CPU
		Release|Any CPU = Release|Any CPU
	EndGlobalSection
	GlobalSection(ProjectConfigurationPlatforms) = postSolution
		{A42C58D2-5C3A-40C4-8670-866A6E37400E}.Debug|Any CPU.ActiveCfg = Debug|Any CPU
		{A42C58D2-5C3A-40C4-8670-866A6E37400E}.Debug|Any CPU.Build.0 = Debug|Any CPU
		{A42C58D2-5C3A-40C4-8670-866A6E37400E}.Release|Any CPU.ActiveCfg = Release|Any CPU
		{A42C58D2-5C3A-40C4-8670-866A6E37400E}.Release|Any CPU.Build.0 = Release|Any CPU
	EndGlobalSection
	GlobalSection(SolutionProperties) = preSolution
		HideSolutionNode = FALSE
	EndGlobalSection
	GlobalSection(ExtensibilityGlobals) = postSolution
		SolutionGuid = {73B48B28-42CF-42C5-92CE-01F70192363D}
	EndGlobalSection
EndGlobal
